{
  "originHash" : "4cd2cd1daf7eeb58f8e538cc3b642c34cb1ee4078adb09bf1702a79a3bfffbdc",
  "pins" : [
    {
      "identity" : "keyboardshortcuts",
      "kind" : "remoteSourceControl",
      "location" : "https://github.com/sindresorhus/KeyboardShortcuts",
      "state" : {
        "revision" : "e6b60117ec266e1e5d059f7f34815144f9762b36",
        "version" : "2.0.2"
      }
    },
    {
      "identity" : "launchatlogin-modern",
      "kind" : "remoteSourceControl",
      "location" : "https://github.com/sindresorhus/LaunchAtLogin-Modern",
      "state" : {
        "branch" : "main",
        "revision" : "a04ec1c363be3627734f6dad757d82f5d4fa8fcc"
      }
    },
    {
      "identity" : "theboringworkernotifier",
      "kind" : "remoteSourceControl",
      "location" : "https://github.com/TheBoredTeam/TheBoringWorkerNotifier.git",
      "state" : {
        "branch" : "main",
        "revision" : "bc2b292c88035dcfc41fc7e3d8021689e624d137"
      }
    }
  ],
  "version" : 3
}
